// !$*UTF8*$!
{
	archiveVersion = 1;
	classes = {
	};
	objectVersion = 46;
	objects = {

/* Begin PBXBuildFile section */
		12801C174943025C6DADA00E /* Pods_E_testing.framework in Frameworks */ = {isa = PBXBuildFile; fileRef = 151D13DC7769C2D7C8789546 /* Pods_E_testing.framework */; };
		2B06A4711D99452000921C4C /* CourseViewController.swift in Sources */ = {isa = PBXBuildFile; fileRef = 2B06A4701D99452000921C4C /* CourseViewController.swift */; };
		2B6318D31D59FDFC00964E80 /* SubjectModel.swift in Sources */ = {isa = PBXBuildFile; fileRef = 2B6318D21D59FDFC00964E80 /* SubjectModel.swift */; };
		2B6318D71D5A02F700964E80 /* SubjectTableCell.swift in Sources */ = {isa = PBXBuildFile; fileRef = 2B6318D61D5A02F700964E80 /* SubjectTableCell.swift */; };
		2BB030281D59C6A800375710 /* AppDelegate.swift in Sources */ = {isa = PBXBuildFile; fileRef = 2BB030271D59C6A800375710 /* AppDelegate.swift */; };
		2BB0302A1D59C6A800375710 /* DashboardViewController.swift in Sources */ = {isa = PBXBuildFile; fileRef = 2BB030291D59C6A800375710 /* DashboardViewController.swift */; };
		2BB0302D1D59C6A800375710 /* Main.storyboard in Resources */ = {isa = PBXBuildFile; fileRef = 2BB0302B1D59C6A800375710 /* Main.storyboard */; };
		2BB0302F1D59C6A800375710 /* Assets.xcassets in Resources */ = {isa = PBXBuildFile; fileRef = 2BB0302E1D59C6A800375710 /* Assets.xcassets */; };
		2BB030321D59C6A800375710 /* LaunchScreen.storyboard in Resources */ = {isa = PBXBuildFile; fileRef = 2BB030301D59C6A800375710 /* LaunchScreen.storyboard */; };
		2BD4AB361D8005130063B46D /* Enums.swift in Sources */ = {isa = PBXBuildFile; fileRef = 2BD4AB351D8005130063B46D /* Enums.swift */; };
		E29F45241E0AF39F003FD621 /* DetailViewController.swift in Sources */ = {isa = PBXBuildFile; fileRef = E29F45231E0AF39F003FD621 /* DetailViewController.swift */; };
		E29F45261E0AF47D003FD621 /* ResultsViewController.swift in Sources */ = {isa = PBXBuildFile; fileRef = E29F45251E0AF47D003FD621 /* ResultsViewController.swift */; };
		E29F45281E0AF4DB003FD621 /* CategCell.swift in Sources */ = {isa = PBXBuildFile; fileRef = E29F45271E0AF4DB003FD621 /* CategCell.swift */; };
		E29F452A1E0AF5B8003FD621 /* RemoteAPI.swift in Sources */ = {isa = PBXBuildFile; fileRef = E29F45291E0AF5B8003FD621 /* RemoteAPI.swift */; };
		E29F452C1E0AF5FE003FD621 /* APIcall.swift in Sources */ = {isa = PBXBuildFile; fileRef = E29F452B1E0AF5FE003FD621 /* APIcall.swift */; };
		E29F452E1E0AF76F003FD621 /* AnswerRow.swift in Sources */ = {isa = PBXBuildFile; fileRef = E29F452D1E0AF76F003FD621 /* AnswerRow.swift */; };
		E29F45301E0AF7AA003FD621 /* Circle.swift in Sources */ = {isa = PBXBuildFile; fileRef = E29F452F1E0AF7AA003FD621 /* Circle.swift */; };
		E29F45321E0B16F5003FD621 /* UCL_Logo_var1_clr1_RGB.png in Resources */ = {isa = PBXBuildFile; fileRef = E29F45311E0B16F5003FD621 /* UCL_Logo_var1_clr1_RGB.png */; };
		E29F45341E0B1C4F003FD621 /* UCL.json in Resources */ = {isa = PBXBuildFile; fileRef = E29F45331E0B1C4F003FD621 /* UCL.json */; };
		E29F45361E0B1C5A003FD621 /* Model.swift in Sources */ = {isa = PBXBuildFile; fileRef = E29F45351E0B1C5A003FD621 /* Model.swift */; };
		E29F45381E0B1C61003FD621 /* Domains.swift in Sources */ = {isa = PBXBuildFile; fileRef = E29F45371E0B1C61003FD621 /* Domains.swift */; };
/* End PBXBuildFile section */

/* Begin PBXFileReference section */
		151D13DC7769C2D7C8789546 /* Pods_E_testing.framework */ = {isa = PBXFileReference; explicitFileType = wrapper.framework; includeInIndex = 0; path = Pods_E_testing.framework; sourceTree = BUILT_PRODUCTS_DIR; };
		2B06A4701D99452000921C4C /* CourseViewController.swift */ = {isa = PBXFileReference; fileEncoding = 4; lastKnownFileType = sourcecode.swift; path = CourseViewController.swift; sourceTree = "<group>"; };
		2B6318D21D59FDFC00964E80 /* SubjectModel.swift */ = {isa = PBXFileReference; fileEncoding = 4; lastKnownFileType = sourcecode.swift; path = SubjectModel.swift; sourceTree = "<group>"; };
		2B6318D61D5A02F700964E80 /* SubjectTableCell.swift */ = {isa = PBXFileReference; fileEncoding = 4; lastKnownFileType = sourcecode.swift; path = SubjectTableCell.swift; sourceTree = "<group>"; };
		2BB030241D59C6A800375710 /* E-testing.app */ = {isa = PBXFileReference; explicitFileType = wrapper.application; includeInIndex = 0; path = "E-testing.app"; sourceTree = BUILT_PRODUCTS_DIR; };
		2BB030271D59C6A800375710 /* AppDelegate.swift */ = {isa = PBXFileReference; lastKnownFileType = sourcecode.swift; path = AppDelegate.swift; sourceTree = "<group>"; };
		2BB030291D59C6A800375710 /* DashboardViewController.swift */ = {isa = PBXFileReference; lastKnownFileType = sourcecode.swift; path = DashboardViewController.swift; sourceTree = "<group>"; };
		2BB0302C1D59C6A800375710 /* Base */ = {isa = PBXFileReference; lastKnownFileType = file.storyboard; name = Base; path = Base.lproj/Main.storyboard; sourceTree = "<group>"; };
		2BB0302E1D59C6A800375710 /* Assets.xcassets */ = {isa = PBXFileReference; lastKnownFileType = folder.assetcatalog; path = Assets.xcassets; sourceTree = "<group>"; };
		2BB030311D59C6A800375710 /* Base */ = {isa = PBXFileReference; lastKnownFileType = file.storyboard; name = Base; path = Base.lproj/LaunchScreen.storyboard; sourceTree = "<group>"; };
		2BB030331D59C6A800375710 /* Info.plist */ = {isa = PBXFileReference; lastKnownFileType = text.plist.xml; path = Info.plist; sourceTree = "<group>"; };
		2BD4AB351D8005130063B46D /* Enums.swift */ = {isa = PBXFileReference; fileEncoding = 4; lastKnownFileType = sourcecode.swift; path = Enums.swift; sourceTree = "<group>"; };
		32BA4A31F3731930199020C0 /* Pods-E-testing.debug.xcconfig */ = {isa = PBXFileReference; includeInIndex = 1; lastKnownFileType = text.xcconfig; name = "Pods-E-testing.debug.xcconfig"; path = "Pods/Target Support Files/Pods-E-testing/Pods-E-testing.debug.xcconfig"; sourceTree = "<group>"; };
		3459CDA0FBFBA0EDA78137E1 /* Pods-E-testing.release.xcconfig */ = {isa = PBXFileReference; includeInIndex = 1; lastKnownFileType = text.xcconfig; name = "Pods-E-testing.release.xcconfig"; path = "Pods/Target Support Files/Pods-E-testing/Pods-E-testing.release.xcconfig"; sourceTree = "<group>"; };
		E29F45231E0AF39F003FD621 /* DetailViewController.swift */ = {isa = PBXFileReference; fileEncoding = 4; lastKnownFileType = sourcecode.swift; path = DetailViewController.swift; sourceTree = "<group>"; };
		E29F45251E0AF47D003FD621 /* ResultsViewController.swift */ = {isa = PBXFileReference; fileEncoding = 4; lastKnownFileType = sourcecode.swift; path = ResultsViewController.swift; sourceTree = "<group>"; };
		E29F45271E0AF4DB003FD621 /* CategCell.swift */ = {isa = PBXFileReference; fileEncoding = 4; lastKnownFileType = sourcecode.swift; path = CategCell.swift; sourceTree = "<group>"; };
		E29F45291E0AF5B8003FD621 /* RemoteAPI.swift */ = {isa = PBXFileReference; fileEncoding = 4; lastKnownFileType = sourcecode.swift; path = RemoteAPI.swift; sourceTree = "<group>"; };
		E29F452B1E0AF5FE003FD621 /* APIcall.swift */ = {isa = PBXFileReference; fileEncoding = 4; lastKnownFileType = sourcecode.swift; path = APIcall.swift; sourceTree = "<group>"; };
		E29F452D1E0AF76F003FD621 /* AnswerRow.swift */ = {isa = PBXFileReference; fileEncoding = 4; lastKnownFileType = sourcecode.swift; path = AnswerRow.swift; sourceTree = "<group>"; };
		E29F452F1E0AF7AA003FD621 /* Circle.swift */ = {isa = PBXFileReference; fileEncoding = 4; lastKnownFileType = sourcecode.swift; path = Circle.swift; sourceTree = "<group>"; };
		E29F45311E0B16F5003FD621 /* UCL_Logo_var1_clr1_RGB.png */ = {isa = PBXFileReference; lastKnownFileType = image.png; name = UCL_Logo_var1_clr1_RGB.png; path = ../../../Desktop/UCL_Logo_var1_clr1_RGB.png; sourceTree = "<group>"; };
		E29F45331E0B1C4F003FD621 /* UCL.json */ = {isa = PBXFileReference; fileEncoding = 4; lastKnownFileType = text.json; name = UCL.json; path = ../../../Documents/UCL.json; sourceTree = "<group>"; };
		E29F45351E0B1C5A003FD621 /* Model.swift */ = {isa = PBXFileReference; fileEncoding = 4; lastKnownFileType = sourcecode.swift; name = Model.swift; path = ../../codegen_5857f95259a27/Model.swift; sourceTree = "<group>"; };
		E29F45371E0B1C61003FD621 /* Domains.swift */ = {isa = PBXFileReference; fileEncoding = 4; lastKnownFileType = sourcecode.swift; name = Domains.swift; path = ../../codegen_5857f95259a27/Domains.swift; sourceTree = "<group>"; };
/* End PBXFileReference section */

/* Begin PBXFrameworksBuildPhase section */
		2BB030211D59C6A800375710 /* Frameworks */ = {
			isa = PBXFrameworksBuildPhase;
			buildActionMask = 2147483647;
			files = (
				12801C174943025C6DADA00E /* Pods_E_testing.framework in Frameworks */,
			);
			runOnlyForDeploymentPostprocessing = 0;
		};
/* End PBXFrameworksBuildPhase section */

/* Begin PBXGroup section */
		2BB0301B1D59C6A800375710 = {
			isa = PBXGroup;
			children = (
				2BD4AB341D8003FA0063B46D /* Common */,
				2BB030261D59C6A800375710 /* E-testing */,
				2BB030251D59C6A800375710 /* Products */,
				634B28D1D1AE751991A1FF34 /* Pods */,
				B9F3D05E6579B1491B044EEE /* Frameworks */,
			);
			sourceTree = "<group>";
		};
		2BB030251D59C6A800375710 /* Products */ = {
			isa = PBXGroup;
			children = (
				2BB030241D59C6A800375710 /* E-testing.app */,
			);
			name = Products;
			sourceTree = "<group>";
		};
		2BB030261D59C6A800375710 /* E-testing */ = {
			isa = PBXGroup;
			children = (
				E29F45391E0B1CA4003FD621 /* Resources */,
				2BB030391D59C6C100375710 /* Model */,
				2BB0303A1D59C6C700375710 /* View */,
				2BB0303B1D59C6CC00375710 /* Controller */,
				2BB030271D59C6A800375710 /* AppDelegate.swift */,
				2BB0302B1D59C6A800375710 /* Main.storyboard */,
				2BB0302E1D59C6A800375710 /* Assets.xcassets */,
				2BB030301D59C6A800375710 /* LaunchScreen.storyboard */,
				E29F45311E0B16F5003FD621 /* UCL_Logo_var1_clr1_RGB.png */,
				2BB030331D59C6A800375710 /* Info.plist */,
			);
			path = "E-testing";
			sourceTree = "<group>";
		};
		2BB030391D59C6C100375710 /* Model */ = {
			isa = PBXGroup;
			children = (
				2B6318D21D59FDFC00964E80 /* SubjectModel.swift */,
				E29F452F1E0AF7AA003FD621 /* Circle.swift */,
				E29F45271E0AF4DB003FD621 /* CategCell.swift */,
				E29F452D1E0AF76F003FD621 /* AnswerRow.swift */,
			);
			name = Model;
			sourceTree = "<group>";
		};
		2BB0303A1D59C6C700375710 /* View */ = {
			isa = PBXGroup;
			children = (
				2B6318D61D5A02F700964E80 /* SubjectTableCell.swift */,
			);
			name = View;
			sourceTree = "<group>";
		};
		2BB0303B1D59C6CC00375710 /* Controller */ = {
			isa = PBXGroup;
			children = (
				E29F452B1E0AF5FE003FD621 /* APIcall.swift */,
				E29F45291E0AF5B8003FD621 /* RemoteAPI.swift */,
				2BB030291D59C6A800375710 /* DashboardViewController.swift */,
				2B06A4701D99452000921C4C /* CourseViewController.swift */,
				E29F45231E0AF39F003FD621 /* DetailViewController.swift */,
				E29F45251E0AF47D003FD621 /* ResultsViewController.swift */,
			);
			name = Controller;
			sourceTree = "<group>";
		};
		2BD4AB341D8003FA0063B46D /* Common */ = {
			isa = PBXGroup;
			children = (
				2BD4AB351D8005130063B46D /* Enums.swift */,
			);
			name = Common;
			sourceTree = "<group>";
		};
		634B28D1D1AE751991A1FF34 /* Pods */ = {
			isa = PBXGroup;
			children = (
				32BA4A31F3731930199020C0 /* Pods-E-testing.debug.xcconfig */,
				3459CDA0FBFBA0EDA78137E1 /* Pods-E-testing.release.xcconfig */,
			);
			name = Pods;
			sourceTree = "<group>";
		};
		B9F3D05E6579B1491B044EEE /* Frameworks */ = {
			isa = PBXGroup;
			children = (
				151D13DC7769C2D7C8789546 /* Pods_E_testing.framework */,
			);
			name = Frameworks;
			sourceTree = "<group>";
		};
		E29F45391E0B1CA4003FD621 /* Resources */ = {
			isa = PBXGroup;
			children = (
				E29F45331E0B1C4F003FD621 /* UCL.json */,
				E29F45351E0B1C5A003FD621 /* Model.swift */,
				E29F45371E0B1C61003FD621 /* Domains.swift */,
			);
			name = Resources;
			sourceTree = "<group>";
		};
/* End PBXGroup section */

/* Begin PBXNativeTarget section */
		2BB030231D59C6A800375710 /* E-testing */ = {
			isa = PBXNativeTarget;
			buildConfigurationList = 2BB030361D59C6A800375710 /* Build configuration list for PBXNativeTarget "E-testing" */;
			buildPhases = (
				372240C02E5DA4D3BCED01CE /* [CP] Check Pods Manifest.lock */,
				2BB030201D59C6A800375710 /* Sources */,
				2BB030211D59C6A800375710 /* Frameworks */,
				2BB030221D59C6A800375710 /* Resources */,
				50A189D4F9635D81FD8F40C9 /* [CP] Embed Pods Frameworks */,
				751362A2B0328A47629668CF /* [CP] Copy Pods Resources */,
			);
			buildRules = (
			);
			dependencies = (
			);
			name = "E-testing";
			productName = "E-testing";
			productReference = 2BB030241D59C6A800375710 /* E-testing.app */;
			productType = "com.apple.product-type.application";
		};
/* End PBXNativeTarget section */

/* Begin PBXProject section */
		2BB0301C1D59C6A800375710 /* Project object */ = {
			isa = PBXProject;
			attributes = {
				LastSwiftUpdateCheck = 0730;
				LastUpgradeCheck = 0730;
				ORGANIZATIONNAME = "Ondřej David";
				TargetAttributes = {
					2BB030231D59C6A800375710 = {
						CreatedOnToolsVersion = 7.3.1;
						DevelopmentTeam = 8Z9Q2C694P;
					};
				};
			};
			buildConfigurationList = 2BB0301F1D59C6A800375710 /* Build configuration list for PBXProject "E-testing" */;
			compatibilityVersion = "Xcode 3.2";
			developmentRegion = English;
			hasScannedForEncodings = 0;
			knownRegions = (
				en,
				Base,
			);
			mainGroup = 2BB0301B1D59C6A800375710;
			productRefGroup = 2BB030251D59C6A800375710 /* Products */;
			projectDirPath = "";
			projectRoot = "";
			targets = (
				2BB030231D59C6A800375710 /* E-testing */,
			);
		};
/* End PBXProject section */

/* Begin PBXResourcesBuildPhase section */
		2BB030221D59C6A800375710 /* Resources */ = {
			isa = PBXResourcesBuildPhase;
			buildActionMask = 2147483647;
			files = (
				2BB030321D59C6A800375710 /* LaunchScreen.storyboard in Resources */,
				E29F45321E0B16F5003FD621 /* UCL_Logo_var1_clr1_RGB.png in Resources */,
				2BB0302F1D59C6A800375710 /* Assets.xcassets in Resources */,
				2BB0302D1D59C6A800375710 /* Main.storyboard in Resources */,
				E29F45341E0B1C4F003FD621 /* UCL.json in Resources */,
			);
			runOnlyForDeploymentPostprocessing = 0;
		};
/* End PBXResourcesBuildPhase section */

/* Begin PBXShellScriptBuildPhase section */
		372240C02E5DA4D3BCED01CE /* [CP] Check Pods Manifest.lock */ = {
			isa = PBXShellScriptBuildPhase;
			buildActionMask = 2147483647;
			files = (
			);
			inputPaths = (
			);
			name = "[CP] Check Pods Manifest.lock";
			outputPaths = (
			);
			runOnlyForDeploymentPostprocessing = 0;
			shellPath = /bin/sh;
			shellScript = "diff \"${PODS_ROOT}/../Podfile.lock\" \"${PODS_ROOT}/Manifest.lock\" > /dev/null\nif [ $? != 0 ] ; then\n    # print error to STDERR\n    echo \"error: The sandbox is not in sync with the Podfile.lock. Run 'pod install' or update your CocoaPods installation.\" >&2\n    exit 1\nfi\n";
			showEnvVarsInLog = 0;
		};
		50A189D4F9635D81FD8F40C9 /* [CP] Embed Pods Frameworks */ = {
			isa = PBXShellScriptBuildPhase;
			buildActionMask = 2147483647;
			files = (
			);
			inputPaths = (
			);
			name = "[CP] Embed Pods Frameworks";
			outputPaths = (
			);
			runOnlyForDeploymentPostprocessing = 0;
			shellPath = /bin/sh;
			shellScript = "\"${SRCROOT}/Pods/Target Support Files/Pods-E-testing/Pods-E-testing-frameworks.sh\"\n";
			showEnvVarsInLog = 0;
		};
		751362A2B0328A47629668CF /* [CP] Copy Pods Resources */ = {
			isa = PBXShellScriptBuildPhase;
			buildActionMask = 2147483647;
			files = (
			);
			inputPaths = (
			);
			name = "[CP] Copy Pods Resources";
			outputPaths = (
			);
			runOnlyForDeploymentPostprocessing = 0;
			shellPath = /bin/sh;
			shellScript = "\"${SRCROOT}/Pods/Target Support Files/Pods-E-testing/Pods-E-testing-resources.sh\"\n";
			showEnvVarsInLog = 0;
		};
/* End PBXShellScriptBuildPhase section */

/* Begin PBXSourcesBuildPhase section */
		2BB030201D59C6A800375710 /* Sources */ = {
			isa = PBXSourcesBuildPhase;
			buildActionMask = 2147483647;
			files = (
				2BB0302A1D59C6A800375710 /* DashboardViewController.swift in Sources */,
				2B6318D71D5A02F700964E80 /* SubjectTableCell.swift in Sources */,
				2BD4AB361D8005130063B46D /* Enums.swift in Sources */,
				E29F45281E0AF4DB003FD621 /* CategCell.swift in Sources */,
				E29F452A1E0AF5B8003FD621 /* RemoteAPI.swift in Sources */,
				2B6318D31D59FDFC00964E80 /* SubjectModel.swift in Sources */,
				E29F452C1E0AF5FE003FD621 /* APIcall.swift in Sources */,
				E29F45361E0B1C5A003FD621 /* Model.swift in Sources */,
				2BB030281D59C6A800375710 /* AppDelegate.swift in Sources */,
				2B06A4711D99452000921C4C /* CourseViewController.swift in Sources */,
				E29F45301E0AF7AA003FD621 /* Circle.swift in Sources */,
				E29F45241E0AF39F003FD621 /* DetailViewController.swift in Sources */,
				E29F452E1E0AF76F003FD621 /* AnswerRow.swift in Sources */,
				E29F45261E0AF47D003FD621 /* ResultsViewController.swift in Sources */,
				E29F45381E0B1C61003FD621 /* Domains.swift in Sources */,
			);
			runOnlyForDeploymentPostprocessing = 0;
		};
/* End PBXSourcesBuildPhase section */

/* Begin PBXVariantGroup section */
		2BB0302B1D59C6A800375710 /* Main.storyboard */ = {
			isa = PBXVariantGroup;
			children = (
				2BB0302C1D59C6A800375710 /* Base */,
			);
			name = Main.storyboard;
			sourceTree = "<group>";
		};
		2BB030301D59C6A800375710 /* LaunchScreen.storyboard */ = {
			isa = PBXVariantGroup;
			children = (
				2BB030311D59C6A800375710 /* Base */,
			);
			name = LaunchScreen.storyboard;
			sourceTree = "<group>";
		};
/* End PBXVariantGroup section */

/* Begin XCBuildConfiguration section */
		2BB030341D59C6A800375710 /* Debug */ = {
			isa = XCBuildConfiguration;
			buildSettings = {
				ALWAYS_SEARCH_USER_PATHS = NO;
				CLANG_ANALYZER_NONNULL = YES;
				CLANG_CXX_LANGUAGE_STANDARD = "gnu++0x";
				CLANG_CXX_LIBRARY = "libc++";
				CLANG_ENABLE_MODULES = YES;
				CLANG_ENABLE_OBJC_ARC = YES;
				CLANG_WARN_BOOL_CONVERSION = YES;
				CLANG_WARN_CONSTANT_CONVERSION = YES;
				CLANG_WARN_DIRECT_OBJC_ISA_USAGE = YES_ERROR;
				CLANG_WARN_EMPTY_BODY = YES;
				CLANG_WARN_ENUM_CONVERSION = YES;
				CLANG_WARN_INT_CONVERSION = YES;
				CLANG_WARN_OBJC_ROOT_CLASS = YES_ERROR;
				CLANG_WARN_UNREACHABLE_CODE = YES;
				CLANG_WARN__DUPLICATE_METHOD_MATCH = YES;
				"CODE_SIGN_IDENTITY[sdk=iphoneos*]" = "iPhone Developer";
				COPY_PHASE_STRIP = NO;
				DEBUG_INFORMATION_FORMAT = dwarf;
				ENABLE_STRICT_OBJC_MSGSEND = YES;
				ENABLE_TESTABILITY = YES;
				GCC_C_LANGUAGE_STANDARD = gnu99;
				GCC_DYNAMIC_NO_PIC = NO;
				GCC_NO_COMMON_BLOCKS = YES;
				GCC_OPTIMIZATION_LEVEL = 0;
				GCC_PREPROCESSOR_DEFINITIONS = (
					"DEBUG=1",
					"$(inherited)",
				);
				GCC_WARN_64_TO_32_BIT_CONVERSION = YES;
				GCC_WARN_ABOUT_RETURN_TYPE = YES_ERROR;
				GCC_WARN_UNDECLARED_SELECTOR = YES;
				GCC_WARN_UNINITIALIZED_AUTOS = YES_AGGRESSIVE;
				GCC_WARN_UNUSED_FUNCTION = YES;
				GCC_WARN_UNUSED_VARIABLE = YES;
				IPHONEOS_DEPLOYMENT_TARGET = 9.3;
				MTL_ENABLE_DEBUG_INFO = YES;
				ONLY_ACTIVE_ARCH = YES;
				SDKROOT = iphoneos;
				SWIFT_OPTIMIZATION_LEVEL = "-Onone";
				TARGETED_DEVICE_FAMILY = "1,2";
			};
			name = Debug;
		};
		2BB030351D59C6A800375710 /* Release */ = {
			isa = XCBuildConfiguration;
			buildSettings = {
				ALWAYS_SEARCH_USER_PATHS = NO;
				CLANG_ANALYZER_NONNULL = YES;
				CLANG_CXX_LANGUAGE_STANDARD = "gnu++0x";
				CLANG_CXX_LIBRARY = "libc++";
				CLANG_ENABLE_MODULES = YES;
				CLANG_ENABLE_OBJC_ARC = YES;
				CLANG_WARN_BOOL_CONVERSION = YES;
				CLANG_WARN_CONSTANT_CONVERSION = YES;
				CLANG_WARN_DIRECT_OBJC_ISA_USAGE = YES_ERROR;
				CLANG_WARN_EMPTY_BODY = YES;
				CLANG_WARN_ENUM_CONVERSION = YES;
				CLANG_WARN_INT_CONVERSION = YES;
				CLANG_WARN_OBJC_ROOT_CLASS = YES_ERROR;
				CLANG_WARN_UNREACHABLE_CODE = YES;
				CLANG_WARN__DUPLICATE_METHOD_MATCH = YES;
				"CODE_SIGN_IDENTITY[sdk=iphoneos*]" = "iPhone Developer";
				COPY_PHASE_STRIP = NO;
				DEBUG_INFORMATION_FORMAT = "dwarf-with-dsym";
				ENABLE_NS_ASSERTIONS = NO;
				ENABLE_STRICT_OBJC_MSGSEND = YES;
				GCC_C_LANGUAGE_STANDARD = gnu99;
				GCC_NO_COMMON_BLOCKS = YES;
				GCC_WARN_64_TO_32_BIT_CONVERSION = YES;
				GCC_WARN_ABOUT_RETURN_TYPE = YES_ERROR;
				GCC_WARN_UNDECLARED_SELECTOR = YES;
				GCC_WARN_UNINITIALIZED_AUTOS = YES_AGGRESSIVE;
				GCC_WARN_UNUSED_FUNCTION = YES;
				GCC_WARN_UNUSED_VARIABLE = YES;
				IPHONEOS_DEPLOYMENT_TARGET = 9.3;
				MTL_ENABLE_DEBUG_INFO = NO;
				SDKROOT = iphoneos;
				TARGETED_DEVICE_FAMILY = "1,2";
				VALIDATE_PRODUCT = YES;
			};
			name = Release;
		};
		2BB030371D59C6A800375710 /* Debug */ = {
			isa = XCBuildConfiguration;
			baseConfigurationReference = 32BA4A31F3731930199020C0 /* Pods-E-testing.debug.xcconfig */;
			buildSettings = {
				ASSETCATALOG_COMPILER_APPICON_NAME = AppIcon;
				CODE_SIGN_IDENTITY = "iPhone Developer";
				"CODE_SIGN_IDENTITY[sdk=iphoneos*]" = "iPhone Developer";
				INFOPLIST_FILE = "E-testing/Info.plist";
				LD_RUNPATH_SEARCH_PATHS = "$(inherited) @executable_path/Frameworks";
				PRODUCT_BUNDLE_IDENTIFIER = "cz.unicornsystems.E-testing";
				PRODUCT_NAME = "$(TARGET_NAME)";
				PROVISIONING_PROFILE = "";
			};
			name = Debug;
		};
		2BB030381D59C6A800375710 /* Release */ = {
			isa = XCBuildConfiguration;
			baseConfigurationReference = 3459CDA0FBFBA0EDA78137E1 /* Pods-E-testing.release.xcconfig */;
			buildSettings = {
				ASSETCATALOG_COMPILER_APPICON_NAME = AppIcon;
				CODE_SIGN_IDENTITY = "iPhone Developer";
				"CODE_SIGN_IDENTITY[sdk=iphoneos*]" = "iPhone Developer";
				INFOPLIST_FILE = "E-testing/Info.plist";
				LD_RUNPATH_SEARCH_PATHS = "$(inherited) @executable_path/Frameworks";
				PRODUCT_BUNDLE_IDENTIFIER = "cz.unicornsystems.E-testing";
				PRODUCT_NAME = "$(TARGET_NAME)";
				PROVISIONING_PROFILE = "";
			};
			name = Release;
		};
/* End XCBuildConfiguration section */

/* Begin XCConfigurationList section */
		2BB0301F1D59C6A800375710 /* Build configuration list for PBXProject "E-testing" */ = {
			isa = XCConfigurationList;
			buildConfigurations = (
				2BB030341D59C6A800375710 /* Debug */,
				2BB030351D59C6A800375710 /* Release */,
			);
			defaultConfigurationIsVisible = 0;
			defaultConfigurationName = Release;
		};
		2BB030361D59C6A800375710 /* Build configuration list for PBXNativeTarget "E-testing" */ = {
			isa = XCConfigurationList;
			buildConfigurations = (
				2BB030371D59C6A800375710 /* Debug */,
				2BB030381D59C6A800375710 /* Release */,
			);
			defaultConfigurationIsVisible = 0;
			defaultConfigurationName = Release;
		};
/* End XCConfigurationList section */
	};
	rootObject = 2BB0301C1D59C6A800375710 /* Project object */;
}
